
Microsoft Visual Studio Solution File, Format Version 12.00
# Visual Studio Version 17
VisualStudioVersion = 17.13.35818.85 d17.13
MinimumVisualStudioVersion = 10.0.40219.1
Project("{FAE04EC0-301F-11D3-BF4B-00C04F79EFBC}") = "CyberSecurityChatBotPOE", "CyberSecurityChatBotPOE\CyberSecurityChatBotPOE.csproj", "{48C120F6-4561-48C6-AB82-DBE666D0855B}"
EndProject
Global
	GlobalSection(SolutionConfigurationPlatforms) = preSolution
		Debug|Any CPU = Debug|Any CPU
		Release|Any CPU = Release|Any CPU
	EndGlobalSection
	GlobalSection(ProjectConfigurationPlatforms) = postSolution
		{48C120F6-4561-48C6-AB82-DBE666D0855B}.Debug|Any CPU.ActiveCfg = Debug|Any CPU
		{48C120F6-4561-48C6-AB82-DBE666D0855B}.Debug|Any CPU.Build.0 = Debug|Any CPU
		{48C120F6-4561-48C6-AB82-DBE666D0855B}.Release|Any CPU.ActiveCfg = Release|Any CPU
		{48C120F6-4561-48C6-AB82-DBE666D0855B}.Release|Any CPU.Build.0 = Release|Any CPU
	EndGlobalSection
	GlobalSection(SolutionProperties) = preSolution
		HideSolutionNode = FALSE
	EndGlobalSection
	GlobalSection(ExtensibilityGlobals) = postSolution
		SolutionGuid = {5024613F-B61E-43B8-AEFE-311A84CBA7DD}
	EndGlobalSection
EndGlobal
